
Microsoft Visual Studio Solution File, Format Version 12.00
# Visual Studio Version 17
VisualStudioVersion = 17.9.34714.143
MinimumVisualStudioVersion = 10.0.40219.1
Project("{9A19103F-16F7-4668-BE54-9A1E7A4F7556}") = "ApiCrud", "ApiCrud.csproj", "{001216D7-1D1D-479E-8C06-C432F2ADF1EA}"
EndProject
Global
	GlobalSection(SolutionConfigurationPlatforms) = preSolution
		Debug|Any CPU = Debug|Any CPU
		Release|Any CPU = Release|Any CPU
	EndGlobalSection
	GlobalSection(ProjectConfigurationPlatforms) = postSolution
		{001216D7-1D1D-479E-8C06-C432F2ADF1EA}.Debug|Any CPU.ActiveCfg = Debug|Any CPU
		{001216D7-1D1D-479E-8C06-C432F2ADF1EA}.Debug|Any CPU.Build.0 = Debug|Any CPU
		{001216D7-1D1D-479E-8C06-C432F2ADF1EA}.Release|Any CPU.ActiveCfg = Release|Any CPU
		{001216D7-1D1D-479E-8C06-C432F2ADF1EA}.Release|Any CPU.Build.0 = Release|Any CPU
	EndGlobalSection
	GlobalSection(SolutionProperties) = preSolution
		HideSolutionNode = FALSE
	EndGlobalSection
	GlobalSection(ExtensibilityGlobals) = postSolution
		SolutionGuid = {D668F682-E15A-4547-9FCE-0641B089F597}
	EndGlobalSection
EndGlobal
